
Microsoft Visual Studio Solution File, Format Version 12.00
# Visual Studio Version 17
VisualStudioVersion = 17.11.35312.102
MinimumVisualStudioVersion = 10.0.40219.1
Project("{9A19103F-16F7-4668-BE54-9A1E7A4F7556}") = "character-generator-5e", "character-generator-5e.csproj", "{69828B31-4606-4035-9736-6306208CB60F}"
EndProject
Global
	GlobalSection(SolutionConfigurationPlatforms) = preSolution
		Debug|Any CPU = Debug|Any CPU
		Release|Any CPU = Release|Any CPU
	EndGlobalSection
	GlobalSection(ProjectConfigurationPlatforms) = postSolution
		{69828B31-4606-4035-9736-6306208CB60F}.Debug|Any CPU.ActiveCfg = Debug|Any CPU
		{69828B31-4606-4035-9736-6306208CB60F}.Debug|Any CPU.Build.0 = Debug|Any CPU
		{69828B31-4606-4035-9736-6306208CB60F}.Release|Any CPU.ActiveCfg = Release|Any CPU
		{69828B31-4606-4035-9736-6306208CB60F}.Release|Any CPU.Build.0 = Release|Any CPU
	EndGlobalSection
	GlobalSection(SolutionProperties) = preSolution
		HideSolutionNode = FALSE
	EndGlobalSection
	GlobalSection(ExtensibilityGlobals) = postSolution
		SolutionGuid = {65D1F65E-F358-4350-9D64-7A782C8BD187}
	EndGlobalSection
EndGlobal
